# This file is automatically @generated by Cargo.
# It is not intended for manual editing.
version = 4

[[package]]
name = "synir"
version = "0.1.0"
dependencies = [
 "synir-core",
 "synir-host",
 "synir-macros",
]

[[package]]
name = "synir-core"
version = "0.1.0"

[[package]]
name = "synir-host"
version = "0.1.0"
dependencies = [
 "synir-core",
]

[[package]]
name = "synir-macros"
version = "0.1.0"
dependencies = [
 "synir-core",
 "synir-host",
]

[[package]]
name = "synir-xtask"
version = "0.1.0"
